// !$*UTF8*$!
{
	archiveVersion = 1;
	classes = {
	};
	objectVersion = 46;
	objects = {

/* Begin PBXBuildFile section */
		D4A257FF1E67CAF5004C1E3D /* AppDelegate.swift in Sources */ = {isa = PBXBuildFile; fileRef = D4A257FE1E67CAF5004C1E3D /* AppDelegate.swift */; };
		D4A258011E67CAF5004C1E3D /* ViewController.swift in Sources */ = {isa = PBXBuildFile; fileRef = D4A258001E67CAF5004C1E3D /* ViewController.swift */; };
		D4A258031E67CAF5004C1E3D /* Assets.xcassets in Resources */ = {isa = PBXBuildFile; fileRef = D4A258021E67CAF5004C1E3D /* Assets.xcassets */; };
		D4A258061E67CAF5004C1E3D /* Main.storyboard in Resources */ = {isa = PBXBuildFile; fileRef = D4A258041E67CAF5004C1E3D /* Main.storyboard */; };
		D4AAD33E1ECD6D4100D4C268 /* SwaggerObject.swift in Sources */ = {isa = PBXBuildFile; fileRef = D4AAD33D1ECD6D4100D4C268 /* SwaggerObject.swift */; };
		D4AAD35D1ECD9CC100D4C268 /* ArrayMapping.swift in Sources */ = {isa = PBXBuildFile; fileRef = D4AAD34A1ECD9CC100D4C268 /* ArrayMapping.swift */; };
		D4AAD35E1ECD9CC100D4C268 /* EnumIntMapping.swift in Sources */ = {isa = PBXBuildFile; fileRef = D4AAD34B1ECD9CC100D4C268 /* EnumIntMapping.swift */; };
		D4AAD35F1ECD9CC100D4C268 /* EnumStringMapping.swift in Sources */ = {isa = PBXBuildFile; fileRef = D4AAD34C1ECD9CC100D4C268 /* EnumStringMapping.swift */; };
		D4AAD3601ECD9CC100D4C268 /* Info.plist in Resources */ = {isa = PBXBuildFile; fileRef = D4AAD34D1ECD9CC100D4C268 /* Info.plist */; };
		D4AAD3611ECD9CC100D4C268 /* Initializable.swift in Sources */ = {isa = PBXBuildFile; fileRef = D4AAD34E1ECD9CC100D4C268 /* Initializable.swift */; };
		D4AAD3621ECD9CC100D4C268 /* InitMapping.swift in Sources */ = {isa = PBXBuildFile; fileRef = D4AAD34F1ECD9CC100D4C268 /* InitMapping.swift */; };
		D4AAD3631ECD9CC100D4C268 /* IntegerMapping.swift in Sources */ = {isa = PBXBuildFile; fileRef = D4AAD3501ECD9CC100D4C268 /* IntegerMapping.swift */; };
		D4AAD3641ECD9CC100D4C268 /* KeyMapping.swift in Sources */ = {isa = PBXBuildFile; fileRef = D4AAD3511ECD9CC100D4C268 /* KeyMapping.swift */; };
		D4AAD3651ECD9CC100D4C268 /* Mapping.swift in Sources */ = {isa = PBXBuildFile; fileRef = D4AAD3521ECD9CC100D4C268 /* Mapping.swift */; };
		D4AAD3661ECD9CC100D4C268 /* MappingError.swift in Sources */ = {isa = PBXBuildFile; fileRef = D4AAD3541ECD9CC100D4C268 /* MappingError.swift */; };
		D4AAD3671ECD9CC100D4C268 /* Metadata.swift in Sources */ = {isa = PBXBuildFile; fileRef = D4AAD3551ECD9CC100D4C268 /* Metadata.swift */; };
		D4AAD3681ECD9CC100D4C268 /* ObjectMetadata.swift in Sources */ = {isa = PBXBuildFile; fileRef = D4AAD3561ECD9CC100D4C268 /* ObjectMetadata.swift */; };
		D4AAD3691ECD9CC100D4C268 /* OptionalMapping.swift in Sources */ = {isa = PBXBuildFile; fileRef = D4AAD3571ECD9CC100D4C268 /* OptionalMapping.swift */; };
		D4AAD36A1ECD9CC100D4C268 /* PropertyMapping.swift in Sources */ = {isa = PBXBuildFile; fileRef = D4AAD3581ECD9CC100D4C268 /* PropertyMapping.swift */; };
		D4AAD36B1ECD9CC100D4C268 /* Serializable.swift in Sources */ = {isa = PBXBuildFile; fileRef = D4AAD3591ECD9CC100D4C268 /* Serializable.swift */; };
		D4AAD36C1ECD9CC100D4C268 /* StringMapping.swift in Sources */ = {isa = PBXBuildFile; fileRef = D4AAD35A1ECD9CC100D4C268 /* StringMapping.swift */; };
		D4AAD36D1ECD9CC100D4C268 /* Updatable.swift in Sources */ = {isa = PBXBuildFile; fileRef = D4AAD35B1ECD9CC100D4C268 /* Updatable.swift */; };
		D4AAD36E1ECD9CC100D4C268 /* ValueMapping.swift in Sources */ = {isa = PBXBuildFile; fileRef = D4AAD35C1ECD9CC100D4C268 /* ValueMapping.swift */; };
		D4AAD3711ECDA56B00D4C268 /* swagger.json in Resources */ = {isa = PBXBuildFile; fileRef = D4AAD36F1ECDA56B00D4C268 /* swagger.json */; };
		D4AAD3721ECDA56B00D4C268 /* SwaggerJSONParser.swift in Sources */ = {isa = PBXBuildFile; fileRef = D4AAD3701ECDA56B00D4C268 /* SwaggerJSONParser.swift */; };
		D4AAD3781ECDA57100D4C268 /* JSON.swift in Sources */ = {isa = PBXBuildFile; fileRef = D4AAD3741ECDA57100D4C268 /* JSON.swift */; };
		D4AAD3791ECDA57100D4C268 /* JSONAssembler.swift in Sources */ = {isa = PBXBuildFile; fileRef = D4AAD3751ECDA57100D4C268 /* JSONAssembler.swift */; };
		D4AAD37A1ECDA57100D4C268 /* JSONInfoParser.swift in Sources */ = {isa = PBXBuildFile; fileRef = D4AAD3761ECDA57100D4C268 /* JSONInfoParser.swift */; };
		D4AAD37B1ECDA57100D4C268 /* JSONModel.json in Resources */ = {isa = PBXBuildFile; fileRef = D4AAD3771ECDA57100D4C268 /* JSONModel.json */; };
/* End PBXBuildFile section */

/* Begin PBXFileReference section */
		D4A257FB1E67CAF5004C1E3D /* JSONConverter.app */ = {isa = PBXFileReference; explicitFileType = wrapper.application; includeInIndex = 0; path = JSONConverter.app; sourceTree = BUILT_PRODUCTS_DIR; };
		D4A257FE1E67CAF5004C1E3D /* AppDelegate.swift */ = {isa = PBXFileReference; lastKnownFileType = sourcecode.swift; path = AppDelegate.swift; sourceTree = "<group>"; };
		D4A258001E67CAF5004C1E3D /* ViewController.swift */ = {isa = PBXFileReference; lastKnownFileType = sourcecode.swift; path = ViewController.swift; sourceTree = "<group>"; };
		D4A258021E67CAF5004C1E3D /* Assets.xcassets */ = {isa = PBXFileReference; lastKnownFileType = folder.assetcatalog; path = Assets.xcassets; sourceTree = "<group>"; };
		D4A258051E67CAF5004C1E3D /* Base */ = {isa = PBXFileReference; lastKnownFileType = file.storyboard; name = Base; path = Base.lproj/Main.storyboard; sourceTree = "<group>"; };
		D4A258071E67CAF5004C1E3D /* Info.plist */ = {isa = PBXFileReference; lastKnownFileType = text.plist.xml; path = Info.plist; sourceTree = "<group>"; };
		D4AAD33D1ECD6D4100D4C268 /* SwaggerObject.swift */ = {isa = PBXFileReference; fileEncoding = 4; lastKnownFileType = sourcecode.swift; path = SwaggerObject.swift; sourceTree = "<group>"; };
		D4AAD34A1ECD9CC100D4C268 /* ArrayMapping.swift */ = {isa = PBXFileReference; fileEncoding = 4; lastKnownFileType = sourcecode.swift; path = ArrayMapping.swift; sourceTree = "<group>"; };
		D4AAD34B1ECD9CC100D4C268 /* EnumIntMapping.swift */ = {isa = PBXFileReference; fileEncoding = 4; lastKnownFileType = sourcecode.swift; path = EnumIntMapping.swift; sourceTree = "<group>"; };
		D4AAD34C1ECD9CC100D4C268 /* EnumStringMapping.swift */ = {isa = PBXFileReference; fileEncoding = 4; lastKnownFileType = sourcecode.swift; path = EnumStringMapping.swift; sourceTree = "<group>"; };
		D4AAD34D1ECD9CC100D4C268 /* Info.plist */ = {isa = PBXFileReference; fileEncoding = 4; lastKnownFileType = text.plist.xml; path = Info.plist; sourceTree = "<group>"; };
		D4AAD34E1ECD9CC100D4C268 /* Initializable.swift */ = {isa = PBXFileReference; fileEncoding = 4; lastKnownFileType = sourcecode.swift; path = Initializable.swift; sourceTree = "<group>"; };
		D4AAD34F1ECD9CC100D4C268 /* InitMapping.swift */ = {isa = PBXFileReference; fileEncoding = 4; lastKnownFileType = sourcecode.swift; path = InitMapping.swift; sourceTree = "<group>"; };
		D4AAD3501ECD9CC100D4C268 /* IntegerMapping.swift */ = {isa = PBXFileReference; fileEncoding = 4; lastKnownFileType = sourcecode.swift; path = IntegerMapping.swift; sourceTree = "<group>"; };
		D4AAD3511ECD9CC100D4C268 /* KeyMapping.swift */ = {isa = PBXFileReference; fileEncoding = 4; lastKnownFileType = sourcecode.swift; path = KeyMapping.swift; sourceTree = "<group>"; };
		D4AAD3521ECD9CC100D4C268 /* Mapping.swift */ = {isa = PBXFileReference; fileEncoding = 4; lastKnownFileType = sourcecode.swift; path = Mapping.swift; sourceTree = "<group>"; };
		D4AAD3531ECD9CC100D4C268 /* MappingAce.h */ = {isa = PBXFileReference; fileEncoding = 4; lastKnownFileType = sourcecode.c.h; path = MappingAce.h; sourceTree = "<group>"; };
		D4AAD3541ECD9CC100D4C268 /* MappingError.swift */ = {isa = PBXFileReference; fileEncoding = 4; lastKnownFileType = sourcecode.swift; path = MappingError.swift; sourceTree = "<group>"; };
		D4AAD3551ECD9CC100D4C268 /* Metadata.swift */ = {isa = PBXFileReference; fileEncoding = 4; lastKnownFileType = sourcecode.swift; path = Metadata.swift; sourceTree = "<group>"; };
		D4AAD3561ECD9CC100D4C268 /* ObjectMetadata.swift */ = {isa = PBXFileReference; fileEncoding = 4; lastKnownFileType = sourcecode.swift; path = ObjectMetadata.swift; sourceTree = "<group>"; };
		D4AAD3571ECD9CC100D4C268 /* OptionalMapping.swift */ = {isa = PBXFileReference; fileEncoding = 4; lastKnownFileType = sourcecode.swift; path = OptionalMapping.swift; sourceTree = "<group>"; };
		D4AAD3581ECD9CC100D4C268 /* PropertyMapping.swift */ = {isa = PBXFileReference; fileEncoding = 4; lastKnownFileType = sourcecode.swift; path = PropertyMapping.swift; sourceTree = "<group>"; };
		D4AAD3591ECD9CC100D4C268 /* Serializable.swift */ = {isa = PBXFileReference; fileEncoding = 4; lastKnownFileType = sourcecode.swift; path = Serializable.swift; sourceTree = "<group>"; };
		D4AAD35A1ECD9CC100D4C268 /* StringMapping.swift */ = {isa = PBXFileReference; fileEncoding = 4; lastKnownFileType = sourcecode.swift; path = StringMapping.swift; sourceTree = "<group>"; };
		D4AAD35B1ECD9CC100D4C268 /* Updatable.swift */ = {isa = PBXFileReference; fileEncoding = 4; lastKnownFileType = sourcecode.swift; path = Updatable.swift; sourceTree = "<group>"; };
		D4AAD35C1ECD9CC100D4C268 /* ValueMapping.swift */ = {isa = PBXFileReference; fileEncoding = 4; lastKnownFileType = sourcecode.swift; path = ValueMapping.swift; sourceTree = "<group>"; };
		D4AAD36F1ECDA56B00D4C268 /* swagger.json */ = {isa = PBXFileReference; fileEncoding = 4; lastKnownFileType = text.json; path = swagger.json; sourceTree = "<group>"; };
		D4AAD3701ECDA56B00D4C268 /* SwaggerJSONParser.swift */ = {isa = PBXFileReference; fileEncoding = 4; lastKnownFileType = sourcecode.swift; path = SwaggerJSONParser.swift; sourceTree = "<group>"; };
		D4AAD3741ECDA57100D4C268 /* JSON.swift */ = {isa = PBXFileReference; fileEncoding = 4; lastKnownFileType = sourcecode.swift; path = JSON.swift; sourceTree = "<group>"; };
		D4AAD3751ECDA57100D4C268 /* JSONAssembler.swift */ = {isa = PBXFileReference; fileEncoding = 4; lastKnownFileType = sourcecode.swift; path = JSONAssembler.swift; sourceTree = "<group>"; };
		D4AAD3761ECDA57100D4C268 /* JSONInfoParser.swift */ = {isa = PBXFileReference; fileEncoding = 4; lastKnownFileType = sourcecode.swift; path = JSONInfoParser.swift; sourceTree = "<group>"; };
		D4AAD3771ECDA57100D4C268 /* JSONModel.json */ = {isa = PBXFileReference; fileEncoding = 4; lastKnownFileType = text.json; path = JSONModel.json; sourceTree = "<group>"; };
/* End PBXFileReference section */

/* Begin PBXFrameworksBuildPhase section */
		D4A257F81E67CAF5004C1E3D /* Frameworks */ = {
			isa = PBXFrameworksBuildPhase;
			buildActionMask = 2147483647;
			files = (
			);
			runOnlyForDeploymentPostprocessing = 0;
		};
/* End PBXFrameworksBuildPhase section */

/* Begin PBXGroup section */
		D4A257F21E67CAF4004C1E3D = {
			isa = PBXGroup;
			children = (
				D4A257FD1E67CAF5004C1E3D /* JSONConverter */,
				D4A257FC1E67CAF5004C1E3D /* Products */,
			);
			sourceTree = "<group>";
		};
		D4A257FC1E67CAF5004C1E3D /* Products */ = {
			isa = PBXGroup;
			children = (
				D4A257FB1E67CAF5004C1E3D /* JSONConverter.app */,
			);
			name = Products;
			sourceTree = "<group>";
		};
		D4A257FD1E67CAF5004C1E3D /* JSONConverter */ = {
			isa = PBXGroup;
			children = (
				D4AAD3731ECDA57100D4C268 /* JSON */,
				D4AAD33C1ECD6D3200D4C268 /* Swagger */,
				D4A257FE1E67CAF5004C1E3D /* AppDelegate.swift */,
				D4A258001E67CAF5004C1E3D /* ViewController.swift */,
				D4AAD3491ECD9CC100D4C268 /* MappingAce */,
				D4A258021E67CAF5004C1E3D /* Assets.xcassets */,
				D4A258041E67CAF5004C1E3D /* Main.storyboard */,
				D4A258071E67CAF5004C1E3D /* Info.plist */,
			);
			path = JSONConverter;
			sourceTree = "<group>";
		};
		D4AAD33C1ECD6D3200D4C268 /* Swagger */ = {
			isa = PBXGroup;
			children = (
				D4AAD36F1ECDA56B00D4C268 /* swagger.json */,
				D4AAD3701ECDA56B00D4C268 /* SwaggerJSONParser.swift */,
				D4AAD33D1ECD6D4100D4C268 /* SwaggerObject.swift */,
			);
			path = Swagger;
			sourceTree = "<group>";
		};
		D4AAD3491ECD9CC100D4C268 /* MappingAce */ = {
			isa = PBXGroup;
			children = (
				D4AAD34A1ECD9CC100D4C268 /* ArrayMapping.swift */,
				D4AAD34B1ECD9CC100D4C268 /* EnumIntMapping.swift */,
				D4AAD34C1ECD9CC100D4C268 /* EnumStringMapping.swift */,
				D4AAD34D1ECD9CC100D4C268 /* Info.plist */,
				D4AAD34E1ECD9CC100D4C268 /* Initializable.swift */,
				D4AAD34F1ECD9CC100D4C268 /* InitMapping.swift */,
				D4AAD3501ECD9CC100D4C268 /* IntegerMapping.swift */,
				D4AAD3511ECD9CC100D4C268 /* KeyMapping.swift */,
				D4AAD3521ECD9CC100D4C268 /* Mapping.swift */,
				D4AAD3531ECD9CC100D4C268 /* MappingAce.h */,
				D4AAD3541ECD9CC100D4C268 /* MappingError.swift */,
				D4AAD3551ECD9CC100D4C268 /* Metadata.swift */,
				D4AAD3561ECD9CC100D4C268 /* ObjectMetadata.swift */,
				D4AAD3571ECD9CC100D4C268 /* OptionalMapping.swift */,
				D4AAD3581ECD9CC100D4C268 /* PropertyMapping.swift */,
				D4AAD3591ECD9CC100D4C268 /* Serializable.swift */,
				D4AAD35A1ECD9CC100D4C268 /* StringMapping.swift */,
				D4AAD35B1ECD9CC100D4C268 /* Updatable.swift */,
				D4AAD35C1ECD9CC100D4C268 /* ValueMapping.swift */,
			);
			name = MappingAce;
			path = MappingAce/MappingAce;
			sourceTree = SOURCE_ROOT;
		};
		D4AAD3731ECDA57100D4C268 /* JSON */ = {
			isa = PBXGroup;
			children = (
				D4AAD3741ECDA57100D4C268 /* JSON.swift */,
				D4AAD3751ECDA57100D4C268 /* JSONAssembler.swift */,
				D4AAD3761ECDA57100D4C268 /* JSONInfoParser.swift */,
				D4AAD3771ECDA57100D4C268 /* JSONModel.json */,
			);
			path = JSON;
			sourceTree = "<group>";
		};
/* End PBXGroup section */

/* Begin PBXNativeTarget section */
		D4A257FA1E67CAF5004C1E3D /* JSONConverter */ = {
			isa = PBXNativeTarget;
			buildConfigurationList = D4A2580A1E67CAF5004C1E3D /* Build configuration list for PBXNativeTarget "JSONConverter" */;
			buildPhases = (
				D4A257F71E67CAF5004C1E3D /* Sources */,
				D4A257F81E67CAF5004C1E3D /* Frameworks */,
				D4A257F91E67CAF5004C1E3D /* Resources */,
			);
			buildRules = (
			);
			dependencies = (
			);
			name = JSONConverter;
			productName = JSONConverter;
			productReference = D4A257FB1E67CAF5004C1E3D /* JSONConverter.app */;
			productType = "com.apple.product-type.application";
		};
/* End PBXNativeTarget section */

/* Begin PBXProject section */
		D4A257F31E67CAF5004C1E3D /* Project object */ = {
			isa = PBXProject;
			attributes = {
				LastSwiftUpdateCheck = 0810;
				LastUpgradeCheck = 0810;
				ORGANIZATIONNAME = IB;
				TargetAttributes = {
					D4A257FA1E67CAF5004C1E3D = {
						CreatedOnToolsVersion = 8.1;
						DevelopmentTeam = VSXKPZWN4F;
						ProvisioningStyle = Automatic;
					};
				};
			};
			buildConfigurationList = D4A257F61E67CAF5004C1E3D /* Build configuration list for PBXProject "JSONConverter" */;
			compatibilityVersion = "Xcode 3.2";
			developmentRegion = English;
			hasScannedForEncodings = 0;
			knownRegions = (
				en,
				Base,
			);
			mainGroup = D4A257F21E67CAF4004C1E3D;
			productRefGroup = D4A257FC1E67CAF5004C1E3D /* Products */;
			projectDirPath = "";
			projectRoot = "";
			targets = (
				D4A257FA1E67CAF5004C1E3D /* JSONConverter */,
			);
		};
/* End PBXProject section */

/* Begin PBXResourcesBuildPhase section */
		D4A257F91E67CAF5004C1E3D /* Resources */ = {
			isa = PBXResourcesBuildPhase;
			buildActionMask = 2147483647;
			files = (
				D4AAD3711ECDA56B00D4C268 /* swagger.json in Resources */,
				D4A258031E67CAF5004C1E3D /* Assets.xcassets in Resources */,
				D4AAD37B1ECDA57100D4C268 /* JSONModel.json in Resources */,
				D4AAD3601ECD9CC100D4C268 /* Info.plist in Resources */,
				D4A258061E67CAF5004C1E3D /* Main.storyboard in Resources */,
			);
			runOnlyForDeploymentPostprocessing = 0;
		};
/* End PBXResourcesBuildPhase section */

/* Begin PBXSourcesBuildPhase section */
		D4A257F71E67CAF5004C1E3D /* Sources */ = {
			isa = PBXSourcesBuildPhase;
			buildActionMask = 2147483647;
			files = (
				D4AAD36B1ECD9CC100D4C268 /* Serializable.swift in Sources */,
				D4AAD3781ECDA57100D4C268 /* JSON.swift in Sources */,
				D4AAD3631ECD9CC100D4C268 /* IntegerMapping.swift in Sources */,
				D4AAD36D1ECD9CC100D4C268 /* Updatable.swift in Sources */,
				D4AAD3691ECD9CC100D4C268 /* OptionalMapping.swift in Sources */,
				D4AAD3621ECD9CC100D4C268 /* InitMapping.swift in Sources */,
				D4AAD35D1ECD9CC100D4C268 /* ArrayMapping.swift in Sources */,
				D4AAD36E1ECD9CC100D4C268 /* ValueMapping.swift in Sources */,
				D4AAD3661ECD9CC100D4C268 /* MappingError.swift in Sources */,
				D4A258011E67CAF5004C1E3D /* ViewController.swift in Sources */,
				D4AAD3671ECD9CC100D4C268 /* Metadata.swift in Sources */,
				D4AAD35F1ECD9CC100D4C268 /* EnumStringMapping.swift in Sources */,
				D4AAD35E1ECD9CC100D4C268 /* EnumIntMapping.swift in Sources */,
				D4A257FF1E67CAF5004C1E3D /* AppDelegate.swift in Sources */,
				D4AAD3681ECD9CC100D4C268 /* ObjectMetadata.swift in Sources */,
				D4AAD3721ECDA56B00D4C268 /* SwaggerJSONParser.swift in Sources */,
				D4AAD3641ECD9CC100D4C268 /* KeyMapping.swift in Sources */,
				D4AAD3651ECD9CC100D4C268 /* Mapping.swift in Sources */,
				D4AAD37A1ECDA57100D4C268 /* JSONInfoParser.swift in Sources */,
				D4AAD36C1ECD9CC100D4C268 /* StringMapping.swift in Sources */,
				D4AAD36A1ECD9CC100D4C268 /* PropertyMapping.swift in Sources */,
				D4AAD33E1ECD6D4100D4C268 /* SwaggerObject.swift in Sources */,
				D4AAD3611ECD9CC100D4C268 /* Initializable.swift in Sources */,
				D4AAD3791ECDA57100D4C268 /* JSONAssembler.swift in Sources */,
			);
			runOnlyForDeploymentPostprocessing = 0;
		};
/* End PBXSourcesBuildPhase section */

/* Begin PBXVariantGroup section */
		D4A258041E67CAF5004C1E3D /* Main.storyboard */ = {
			isa = PBXVariantGroup;
			children = (
				D4A258051E67CAF5004C1E3D /* Base */,
			);
			name = Main.storyboard;
			sourceTree = "<group>";
		};
/* End PBXVariantGroup section */

/* Begin XCBuildConfiguration section */
		D4A258081E67CAF5004C1E3D /* Debug */ = {
			isa = XCBuildConfiguration;
			buildSettings = {
				ALWAYS_SEARCH_USER_PATHS = NO;
				CLANG_ANALYZER_NONNULL = YES;
				CLANG_CXX_LANGUAGE_STANDARD = "gnu++0x";
				CLANG_CXX_LIBRARY = "libc++";
				CLANG_ENABLE_MODULES = YES;
				CLANG_ENABLE_OBJC_ARC = YES;
				CLANG_WARN_BOOL_CONVERSION = YES;
				CLANG_WARN_CONSTANT_CONVERSION = YES;
				CLANG_WARN_DIRECT_OBJC_ISA_USAGE = YES_ERROR;
				CLANG_WARN_DOCUMENTATION_COMMENTS = YES;
				CLANG_WARN_EMPTY_BODY = YES;
				CLANG_WARN_ENUM_CONVERSION = YES;
				CLANG_WARN_INFINITE_RECURSION = YES;
				CLANG_WARN_INT_CONVERSION = YES;
				CLANG_WARN_OBJC_ROOT_CLASS = YES_ERROR;
				CLANG_WARN_SUSPICIOUS_MOVES = YES;
				CLANG_WARN_UNREACHABLE_CODE = YES;
				CLANG_WARN__DUPLICATE_METHOD_MATCH = YES;
				CODE_SIGN_IDENTITY = "-";
				COPY_PHASE_STRIP = NO;
				DEBUG_INFORMATION_FORMAT = dwarf;
				ENABLE_STRICT_OBJC_MSGSEND = YES;
				ENABLE_TESTABILITY = YES;
				GCC_C_LANGUAGE_STANDARD = gnu99;
				GCC_DYNAMIC_NO_PIC = NO;
				GCC_NO_COMMON_BLOCKS = YES;
				GCC_OPTIMIZATION_LEVEL = 0;
				GCC_PREPROCESSOR_DEFINITIONS = (
					"DEBUG=1",
					"$(inherited)",
				);
				GCC_WARN_64_TO_32_BIT_CONVERSION = YES;
				GCC_WARN_ABOUT_RETURN_TYPE = YES_ERROR;
				GCC_WARN_UNDECLARED_SELECTOR = YES;
				GCC_WARN_UNINITIALIZED_AUTOS = YES_AGGRESSIVE;
				GCC_WARN_UNUSED_FUNCTION = YES;
				GCC_WARN_UNUSED_VARIABLE = YES;
				MACOSX_DEPLOYMENT_TARGET = 10.12;
				MTL_ENABLE_DEBUG_INFO = YES;
				ONLY_ACTIVE_ARCH = YES;
				SDKROOT = macosx;
				SWIFT_ACTIVE_COMPILATION_CONDITIONS = DEBUG;
				SWIFT_OPTIMIZATION_LEVEL = "-Onone";
			};
			name = Debug;
		};
		D4A258091E67CAF5004C1E3D /* Release */ = {
			isa = XCBuildConfiguration;
			buildSettings = {
				ALWAYS_SEARCH_USER_PATHS = NO;
				CLANG_ANALYZER_NONNULL = YES;
				CLANG_CXX_LANGUAGE_STANDARD = "gnu++0x";
				CLANG_CXX_LIBRARY = "libc++";
				CLANG_ENABLE_MODULES = YES;
				CLANG_ENABLE_OBJC_ARC = YES;
				CLANG_WARN_BOOL_CONVERSION = YES;
				CLANG_WARN_CONSTANT_CONVERSION = YES;
				CLANG_WARN_DIRECT_OBJC_ISA_USAGE = YES_ERROR;
				CLANG_WARN_DOCUMENTATION_COMMENTS = YES;
				CLANG_WARN_EMPTY_BODY = YES;
				CLANG_WARN_ENUM_CONVERSION = YES;
				CLANG_WARN_INFINITE_RECURSION = YES;
				CLANG_WARN_INT_CONVERSION = YES;
				CLANG_WARN_OBJC_ROOT_CLASS = YES_ERROR;
				CLANG_WARN_SUSPICIOUS_MOVES = YES;
				CLANG_WARN_UNREACHABLE_CODE = YES;
				CLANG_WARN__DUPLICATE_METHOD_MATCH = YES;
				CODE_SIGN_IDENTITY = "-";
				COPY_PHASE_STRIP = NO;
				DEBUG_INFORMATION_FORMAT = "dwarf-with-dsym";
				ENABLE_NS_ASSERTIONS = NO;
				ENABLE_STRICT_OBJC_MSGSEND = YES;
				GCC_C_LANGUAGE_STANDARD = gnu99;
				GCC_NO_COMMON_BLOCKS = YES;
				GCC_WARN_64_TO_32_BIT_CONVERSION = YES;
				GCC_WARN_ABOUT_RETURN_TYPE = YES_ERROR;
				GCC_WARN_UNDECLARED_SELECTOR = YES;
				GCC_WARN_UNINITIALIZED_AUTOS = YES_AGGRESSIVE;
				GCC_WARN_UNUSED_FUNCTION = YES;
				GCC_WARN_UNUSED_VARIABLE = YES;
				MACOSX_DEPLOYMENT_TARGET = 10.12;
				MTL_ENABLE_DEBUG_INFO = NO;
				SDKROOT = macosx;
				SWIFT_OPTIMIZATION_LEVEL = "-Owholemodule";
			};
			name = Release;
		};
		D4A2580B1E67CAF5004C1E3D /* Debug */ = {
			isa = XCBuildConfiguration;
			buildSettings = {
				ASSETCATALOG_COMPILER_APPICON_NAME = AppIcon;
				COMBINE_HIDPI_IMAGES = YES;
				DEVELOPMENT_TEAM = VSXKPZWN4F;
				INFOPLIST_FILE = JSONConverter/Info.plist;
				LD_RUNPATH_SEARCH_PATHS = "$(inherited) @executable_path/../Frameworks";
				PRODUCT_BUNDLE_IDENTIFIER = com.Binglin.JSONConverter;
				PRODUCT_NAME = "$(TARGET_NAME)";
				SWIFT_VERSION = 3.0;
			};
			name = Debug;
		};
		D4A2580C1E67CAF5004C1E3D /* Release */ = {
			isa = XCBuildConfiguration;
			buildSettings = {
				ASSETCATALOG_COMPILER_APPICON_NAME = AppIcon;
				COMBINE_HIDPI_IMAGES = YES;
				DEVELOPMENT_TEAM = VSXKPZWN4F;
				INFOPLIST_FILE = JSONConverter/Info.plist;
				LD_RUNPATH_SEARCH_PATHS = "$(inherited) @executable_path/../Frameworks";
				PRODUCT_BUNDLE_IDENTIFIER = com.Binglin.JSONConverter;
				PRODUCT_NAME = "$(TARGET_NAME)";
				SWIFT_VERSION = 3.0;
			};
			name = Release;
		};
/* End XCBuildConfiguration section */

/* Begin XCConfigurationList section */
		D4A257F61E67CAF5004C1E3D /* Build configuration list for PBXProject "JSONConverter" */ = {
			isa = XCConfigurationList;
			buildConfigurations = (
				D4A258081E67CAF5004C1E3D /* Debug */,
				D4A258091E67CAF5004C1E3D /* Release */,
			);
			defaultConfigurationIsVisible = 0;
			defaultConfigurationName = Release;
		};
		D4A2580A1E67CAF5004C1E3D /* Build configuration list for PBXNativeTarget "JSONConverter" */ = {
			isa = XCConfigurationList;
			buildConfigurations = (
				D4A2580B1E67CAF5004C1E3D /* Debug */,
				D4A2580C1E67CAF5004C1E3D /* Release */,
			);
			defaultConfigurationIsVisible = 0;
			defaultConfigurationName = Release;
		};
/* End XCConfigurationList section */
	};
	rootObject = D4A257F31E67CAF5004C1E3D /* Project object */;
}
